
Microsoft Visual Studio Solution File, Format Version 12.00
# Visual Studio Version 16
VisualStudioVersion = 16.0.30907.101
MinimumVisualStudioVersion = 10.0.40219.1
Project("{FAE04EC0-301F-11D3-BF4B-00C04F79EFBC}") = "SignToolsGUI", "SignToolsGUI.csproj", "{4451EA1C-1244-42A2-B24D-7315ACFBD2F5}"
EndProject
Global
	GlobalSection(SolutionConfigurationPlatforms) = preSolution
		Debug|Any CPU = Debug|Any CPU
		Release|Any CPU = Release|Any CPU
	EndGlobalSection
	GlobalSection(ProjectConfigurationPlatforms) = postSolution
		{4451EA1C-1244-42A2-B24D-7315ACFBD2F5}.Debug|Any CPU.ActiveCfg = Debug|Any CPU
		{4451EA1C-1244-42A2-B24D-7315ACFBD2F5}.Debug|Any CPU.Build.0 = Debug|Any CPU
		{4451EA1C-1244-42A2-B24D-7315ACFBD2F5}.Release|Any CPU.ActiveCfg = Release|Any CPU
		{4451EA1C-1244-42A2-B24D-7315ACFBD2F5}.Release|Any CPU.Build.0 = Release|Any CPU
	EndGlobalSection
	GlobalSection(SolutionProperties) = preSolution
		HideSolutionNode = FALSE
	EndGlobalSection
	GlobalSection(ExtensibilityGlobals) = postSolution
		SolutionGuid = {12E1C669-AB92-48E6-9636-D2134FD93123}
	EndGlobalSection
EndGlobal
